
Microsoft Visual Studio Solution File, Format Version 12.00
# Visual Studio Version 16
VisualStudioVersion = 16.0.31129.286
MinimumVisualStudioVersion = 10.0.40219.1
Project("{FAE04EC0-301F-11D3-BF4B-00C04F79EFBC}") = "FileUpload", "FileUpload.csproj", "{376CF236-B3D6-42E3-90C3-212175B125F3}"
EndProject
Global
	GlobalSection(SolutionConfigurationPlatforms) = preSolution
		Debug|Any CPU = Debug|Any CPU
		Release|Any CPU = Release|Any CPU
	EndGlobalSection
	GlobalSection(ProjectConfigurationPlatforms) = postSolution
		{376CF236-B3D6-42E3-90C3-212175B125F3}.Debug|Any CPU.ActiveCfg = Debug|Any CPU
		{376CF236-B3D6-42E3-90C3-212175B125F3}.Debug|Any CPU.Build.0 = Debug|Any CPU
		{376CF236-B3D6-42E3-90C3-212175B125F3}.Release|Any CPU.ActiveCfg = Release|Any CPU
		{376CF236-B3D6-42E3-90C3-212175B125F3}.Release|Any CPU.Build.0 = Release|Any CPU
	EndGlobalSection
	GlobalSection(SolutionProperties) = preSolution
		HideSolutionNode = FALSE
	EndGlobalSection
	GlobalSection(ExtensibilityGlobals) = postSolution
		SolutionGuid = {37B0C4DE-6F16-407E-9C90-97D922675FFB}
	EndGlobalSection
EndGlobal
